
Microsoft Visual Studio Solution File, Format Version 12.00
# Visual Studio Version 16
VisualStudioVersion = 16.0.31605.320
MinimumVisualStudioVersion = 10.0.40219.1
Project("{FAE04EC0-301F-11D3-BF4B-00C04F79EFBC}") = "Sets", "Sets\Sets.csproj", "{E2DF1701-DF85-44F5-AB88-DD3093E457AF}"
EndProject
Global
	GlobalSection(SolutionConfigurationPlatforms) = preSolution
		Debug|Any CPU = Debug|Any CPU
		Release|Any CPU = Release|Any CPU
	EndGlobalSection
	GlobalSection(ProjectConfigurationPlatforms) = postSolution
		{E2DF1701-DF85-44F5-AB88-DD3093E457AF}.Debug|Any CPU.ActiveCfg = Debug|Any CPU
		{E2DF1701-DF85-44F5-AB88-DD3093E457AF}.Debug|Any CPU.Build.0 = Debug|Any CPU
		{E2DF1701-DF85-44F5-AB88-DD3093E457AF}.Release|Any CPU.ActiveCfg = Release|Any CPU
		{E2DF1701-DF85-44F5-AB88-DD3093E457AF}.Release|Any CPU.Build.0 = Release|Any CPU
	EndGlobalSection
	GlobalSection(SolutionProperties) = preSolution
		HideSolutionNode = FALSE
	EndGlobalSection
	GlobalSection(ExtensibilityGlobals) = postSolution
		SolutionGuid = {4551A9F8-48C5-4E22-AF96-4F9CC93E30AA}
	EndGlobalSection
EndGlobal
